
Microsoft Visual Studio Solution File, Format Version 12.00
# Visual Studio Version 16
VisualStudioVersion = 16.0.30320.27
MinimumVisualStudioVersion = 10.0.40219.1
Project("{9A19103F-16F7-4668-BE54-9A1E7A4F7556}") = "Modetor.Net.Server", "Modetor.Net.Server\Modetor.Net.Server.csproj", "{A2E3D91A-710B-4EC6-BBB0-386A161E3AD9}"
EndProject
Project("{9A19103F-16F7-4668-BE54-9A1E7A4F7556}") = "Modetor Server", "Modetor Server\Modetor Server.csproj", "{85947BBD-DC94-4F3B-A42B-E8AE71C31A17}"
	ProjectSection(ProjectDependencies) = postProject
		{A2E3D91A-710B-4EC6-BBB0-386A161E3AD9} = {A2E3D91A-710B-4EC6-BBB0-386A161E3AD9}
	EndProjectSection
EndProject
Global
	GlobalSection(SolutionConfigurationPlatforms) = preSolution
		Debug|Any CPU = Debug|Any CPU
		Release|Any CPU = Release|Any CPU
	EndGlobalSection
	GlobalSection(ProjectConfigurationPlatforms) = postSolution
		{A2E3D91A-710B-4EC6-BBB0-386A161E3AD9}.Debug|Any CPU.ActiveCfg = Debug|Any CPU
		{A2E3D91A-710B-4EC6-BBB0-386A161E3AD9}.Debug|Any CPU.Build.0 = Debug|Any CPU
		{A2E3D91A-710B-4EC6-BBB0-386A161E3AD9}.Release|Any CPU.ActiveCfg = Release|Any CPU
		{A2E3D91A-710B-4EC6-BBB0-386A161E3AD9}.Release|Any CPU.Build.0 = Release|Any CPU
		{85947BBD-DC94-4F3B-A42B-E8AE71C31A17}.Debug|Any CPU.ActiveCfg = Debug|Any CPU
		{85947BBD-DC94-4F3B-A42B-E8AE71C31A17}.Debug|Any CPU.Build.0 = Debug|Any CPU
		{85947BBD-DC94-4F3B-A42B-E8AE71C31A17}.Release|Any CPU.ActiveCfg = Release|Any CPU
		{85947BBD-DC94-4F3B-A42B-E8AE71C31A17}.Release|Any CPU.Build.0 = Release|Any CPU
	EndGlobalSection
	GlobalSection(SolutionProperties) = preSolution
		HideSolutionNode = FALSE
	EndGlobalSection
	GlobalSection(ExtensibilityGlobals) = postSolution
		SolutionGuid = {A3375CC5-8C4A-49F9-8FA8-551969A8772A}
	EndGlobalSection
EndGlobal
