
Microsoft Visual Studio Solution File, Format Version 12.00
# Visual Studio Version 16
VisualStudioVersion = 16.0.30320.27
MinimumVisualStudioVersion = 10.0.40219.1
Project("{9A19103F-16F7-4668-BE54-9A1E7A4F7556}") = "Modetor.Net.Server", "Modetor.Net.Server\Modetor.Net.Server.csproj", "{A2E3D91A-710B-4EC6-BBB0-386A161E3AD9}"
EndProject
Project("{9A19103F-16F7-4668-BE54-9A1E7A4F7556}") = "ModernCreator Console", "Modetor Server\ModernCreator Console.csproj", "{85947BBD-DC94-4F3B-A42B-E8AE71C31A17}"
	ProjectSection(ProjectDependencies) = postProject
		{A2E3D91A-710B-4EC6-BBB0-386A161E3AD9} = {A2E3D91A-710B-4EC6-BBB0-386A161E3AD9}
	EndProjectSection
EndProject
Project("{9A19103F-16F7-4668-BE54-9A1E7A4F7556}") = "SoftwareUpdate", "..\..\..\Products\Systems\SoftwareUpdate\SoftwareUpdate.csproj", "{6686AACA-A695-42BA-8969-581320C63C11}"
EndProject
Project("{FAE04EC0-301F-11D3-BF4B-00C04F79EFBC}") = "Server Control Panel", "Server Control Panel\Server Control Panel.csproj", "{1F7AE331-BAB7-429C-9098-2FDC4EA1B505}"
	ProjectSection(ProjectDependencies) = postProject
		{A2E3D91A-710B-4EC6-BBB0-386A161E3AD9} = {A2E3D91A-710B-4EC6-BBB0-386A161E3AD9}
	EndProjectSection
EndProject
Global
	GlobalSection(SolutionConfigurationPlatforms) = preSolution
		Debug|Any CPU = Debug|Any CPU
		Debug|x64 = Debug|x64
		Debug|x86 = Debug|x86
		Release|Any CPU = Release|Any CPU
		Release|x64 = Release|x64
		Release|x86 = Release|x86
	EndGlobalSection
	GlobalSection(ProjectConfigurationPlatforms) = postSolution
		{A2E3D91A-710B-4EC6-BBB0-386A161E3AD9}.Debug|Any CPU.ActiveCfg = Debug|Any CPU
		{A2E3D91A-710B-4EC6-BBB0-386A161E3AD9}.Debug|Any CPU.Build.0 = Debug|Any CPU
		{A2E3D91A-710B-4EC6-BBB0-386A161E3AD9}.Debug|x64.ActiveCfg = Debug|Any CPU
		{A2E3D91A-710B-4EC6-BBB0-386A161E3AD9}.Debug|x64.Build.0 = Debug|Any CPU
		{A2E3D91A-710B-4EC6-BBB0-386A161E3AD9}.Debug|x86.ActiveCfg = Debug|Any CPU
		{A2E3D91A-710B-4EC6-BBB0-386A161E3AD9}.Debug|x86.Build.0 = Debug|Any CPU
		{A2E3D91A-710B-4EC6-BBB0-386A161E3AD9}.Release|Any CPU.ActiveCfg = Release|Any CPU
		{A2E3D91A-710B-4EC6-BBB0-386A161E3AD9}.Release|Any CPU.Build.0 = Release|Any CPU
		{A2E3D91A-710B-4EC6-BBB0-386A161E3AD9}.Release|x64.ActiveCfg = Release|Any CPU
		{A2E3D91A-710B-4EC6-BBB0-386A161E3AD9}.Release|x64.Build.0 = Release|Any CPU
		{A2E3D91A-710B-4EC6-BBB0-386A161E3AD9}.Release|x86.ActiveCfg = Release|Any CPU
		{A2E3D91A-710B-4EC6-BBB0-386A161E3AD9}.Release|x86.Build.0 = Release|Any CPU
		{85947BBD-DC94-4F3B-A42B-E8AE71C31A17}.Debug|Any CPU.ActiveCfg = Debug|Any CPU
		{85947BBD-DC94-4F3B-A42B-E8AE71C31A17}.Debug|Any CPU.Build.0 = Debug|Any CPU
		{85947BBD-DC94-4F3B-A42B-E8AE71C31A17}.Debug|x64.ActiveCfg = Debug|x64
		{85947BBD-DC94-4F3B-A42B-E8AE71C31A17}.Debug|x64.Build.0 = Debug|x64
		{85947BBD-DC94-4F3B-A42B-E8AE71C31A17}.Debug|x86.ActiveCfg = Debug|Any CPU
		{85947BBD-DC94-4F3B-A42B-E8AE71C31A17}.Debug|x86.Build.0 = Debug|Any CPU
		{85947BBD-DC94-4F3B-A42B-E8AE71C31A17}.Release|Any CPU.ActiveCfg = Release|Any CPU
		{85947BBD-DC94-4F3B-A42B-E8AE71C31A17}.Release|Any CPU.Build.0 = Release|Any CPU
		{85947BBD-DC94-4F3B-A42B-E8AE71C31A17}.Release|x64.ActiveCfg = Release|x64
		{85947BBD-DC94-4F3B-A42B-E8AE71C31A17}.Release|x64.Build.0 = Release|x64
		{85947BBD-DC94-4F3B-A42B-E8AE71C31A17}.Release|x86.ActiveCfg = Release|Any CPU
		{85947BBD-DC94-4F3B-A42B-E8AE71C31A17}.Release|x86.Build.0 = Release|Any CPU
		{6686AACA-A695-42BA-8969-581320C63C11}.Debug|Any CPU.ActiveCfg = Debug|Any CPU
		{6686AACA-A695-42BA-8969-581320C63C11}.Debug|Any CPU.Build.0 = Debug|Any CPU
		{6686AACA-A695-42BA-8969-581320C63C11}.Debug|x64.ActiveCfg = Debug|Any CPU
		{6686AACA-A695-42BA-8969-581320C63C11}.Debug|x64.Build.0 = Debug|Any CPU
		{6686AACA-A695-42BA-8969-581320C63C11}.Debug|x86.ActiveCfg = Debug|Any CPU
		{6686AACA-A695-42BA-8969-581320C63C11}.Debug|x86.Build.0 = Debug|Any CPU
		{6686AACA-A695-42BA-8969-581320C63C11}.Release|Any CPU.ActiveCfg = Release|Any CPU
		{6686AACA-A695-42BA-8969-581320C63C11}.Release|Any CPU.Build.0 = Release|Any CPU
		{6686AACA-A695-42BA-8969-581320C63C11}.Release|x64.ActiveCfg = Release|Any CPU
		{6686AACA-A695-42BA-8969-581320C63C11}.Release|x64.Build.0 = Release|Any CPU
		{6686AACA-A695-42BA-8969-581320C63C11}.Release|x86.ActiveCfg = Release|Any CPU
		{6686AACA-A695-42BA-8969-581320C63C11}.Release|x86.Build.0 = Release|Any CPU
		{1F7AE331-BAB7-429C-9098-2FDC4EA1B505}.Debug|Any CPU.ActiveCfg = Debug|Any CPU
		{1F7AE331-BAB7-429C-9098-2FDC4EA1B505}.Debug|Any CPU.Build.0 = Debug|Any CPU
		{1F7AE331-BAB7-429C-9098-2FDC4EA1B505}.Debug|x64.ActiveCfg = Debug|Any CPU
		{1F7AE331-BAB7-429C-9098-2FDC4EA1B505}.Debug|x64.Build.0 = Debug|Any CPU
		{1F7AE331-BAB7-429C-9098-2FDC4EA1B505}.Debug|x86.ActiveCfg = Debug|Any CPU
		{1F7AE331-BAB7-429C-9098-2FDC4EA1B505}.Debug|x86.Build.0 = Debug|Any CPU
		{1F7AE331-BAB7-429C-9098-2FDC4EA1B505}.Release|Any CPU.ActiveCfg = Release|Any CPU
		{1F7AE331-BAB7-429C-9098-2FDC4EA1B505}.Release|Any CPU.Build.0 = Release|Any CPU
		{1F7AE331-BAB7-429C-9098-2FDC4EA1B505}.Release|x64.ActiveCfg = Release|Any CPU
		{1F7AE331-BAB7-429C-9098-2FDC4EA1B505}.Release|x64.Build.0 = Release|Any CPU
		{1F7AE331-BAB7-429C-9098-2FDC4EA1B505}.Release|x86.ActiveCfg = Release|Any CPU
		{1F7AE331-BAB7-429C-9098-2FDC4EA1B505}.Release|x86.Build.0 = Release|Any CPU
	EndGlobalSection
	GlobalSection(SolutionProperties) = preSolution
		HideSolutionNode = FALSE
	EndGlobalSection
	GlobalSection(ExtensibilityGlobals) = postSolution
		SolutionGuid = {A3375CC5-8C4A-49F9-8FA8-551969A8772A}
	EndGlobalSection
EndGlobal
